{
  "name": "components",
  "lockfileVersion": 2,
  "requires": true,
  "packages": {
    "": {
      "name": "components",
      "dependencies": {
        "echarts": "^5.3.2",
        "vue-baidu-map": "^0.18.7"
      }
    },
    "node_modules/_echarts@5.3.2@echarts": {
      "name": "echarts",
      "version": "5.3.2",
      "license": "Apache-2.0",
      "dependencies": {
        "tslib": "2.3.0",
        "zrender": "5.3.1"
      }
    },
    "node_modules/_echarts@5.3.2@echarts/node_modules/tslib": {
      "resolved": "node_modules/_tslib@2.3.0@tslib",
      "link": true
    },
    "node_modules/_echarts@5.3.2@echarts/node_modules/zrender": {
      "resolved": "node_modules/_zrender@5.3.1@zrender",
      "link": true
    },
    "node_modules/_tslib@2.3.0@tslib": {
      "name": "tslib",
      "version": "2.3.0",
      "license": "0BSD"
    },
    "node_modules/_zrender@5.3.1@zrender": {
      "name": "zrender",
      "version": "5.3.1",
      "license": "BSD-3-Clause",
      "dependencies": {
        "tslib": "2.3.0"
      }
    },
    "node_modules/_zrender@5.3.1@zrender/node_modules/tslib": {
      "resolved": "node_modules/_tslib@2.3.0@tslib",
      "link": true
    },
    "node_modules/bmaplib.curveline": {
      "version": "1.0.0",
      "resolved": "https://registry.npmjs.org/bmaplib.curveline/-/bmaplib.curveline-1.0.0.tgz",
      "integrity": "sha512-9wcFMVhiYxNPqpvsLDAADn3qDhNzXp2mA6VyHSHg2XOAgSooC7ZiujdFhy0sp+0QYjTfJ/MjmLuNoUg2HHxH4Q=="
    },
    "node_modules/bmaplib.heatmap": {
      "version": "1.0.4",
      "resolved": "https://registry.npmjs.org/bmaplib.heatmap/-/bmaplib.heatmap-1.0.4.tgz",
      "integrity": "sha512-rmhqUARBpUSJ9jXzUI2j7dIOqnc38bqubkx/8a349U2qtw/ulLUwyzRD535OrA8G7w5cz4aPKm6/rNvUAarg/Q=="
    },
    "node_modules/bmaplib.lushu": {
      "version": "1.0.7",
      "resolved": "https://registry.npmjs.org/bmaplib.lushu/-/bmaplib.lushu-1.0.7.tgz",
      "integrity": "sha512-LVvgpESPii6xGxyjnQjq8u+ic4NjvhdCPV/RiSS/PGTUdZKeTDS7prSpleJLZH3ES0+oc0gYn8bw0LtPYUSz2w=="
    },
    "node_modules/bmaplib.markerclusterer": {
      "version": "1.0.13",
      "resolved": "https://registry.npmjs.org/bmaplib.markerclusterer/-/bmaplib.markerclusterer-1.0.13.tgz",
      "integrity": "sha512-VrLyWSiuDEVNi0yUfwOhFQ6z1oEEHS4w36GNu3iASu6p52QIx9uAXMUkuSCHReNR0bj2Cp9SA1dSx5RpojXajQ==",
      "dependencies": {
        "bmaplib.texticonoverlay": "^1.0.2"
      }
    },
    "node_modules/bmaplib.texticonoverlay": {
      "version": "1.0.2",
      "resolved": "https://registry.npmjs.org/bmaplib.texticonoverlay/-/bmaplib.texticonoverlay-1.0.2.tgz",
      "integrity": "sha512-4ZTWr4ZP3B6qEWput5Tut16CfZgII38YwM3bpyb4gFTQyORlKYryFp9WHWrwZZaHlOyYDAXG9SX0hka43jTADg=="
    },
    "node_modules/echarts": {
      "resolved": "node_modules/_echarts@5.3.2@echarts",
      "link": true
    },
    "node_modules/vue": {
      "version": "2.6.14",
      "resolved": "https://registry.npmjs.org/vue/-/vue-2.6.14.tgz",
      "integrity": "sha512-x2284lgYvjOMj3Za7kqzRcUSxBboHqtgRE2zlos1qWaOye5yUmHn42LB1250NJBLRwEcdrB0JRwyPTEPhfQjiQ==",
      "peer": true
    },
    "node_modules/vue-baidu-map": {
      "version": "0.18.7",
      "resolved": "https://registry.npmjs.org/vue-baidu-map/-/vue-baidu-map-0.18.7.tgz",
      "integrity": "sha512-nK3XVNN53P5i4LD7Sw5Z18n9hostm4YL5OxROxNikg8Kaoa/AdcmInhw56aGVF6SWBlJu0+BmAp2ggsbN2APQQ==",
      "dependencies": {
        "bmaplib.curveline": "^1.0.0",
        "bmaplib.heatmap": "^1.0.4",
        "bmaplib.lushu": "^1.0.5",
        "bmaplib.markerclusterer": "^1.0.9"
      },
      "peerDependencies": {
        "vue": "^2.1.8"
      }
    }
  },
  "dependencies": {
    "_echarts@5.3.2@echarts": {
      "version": "npm:echarts@5.3.2",
      "requires": {
        "tslib": "2.3.0",
        "zrender": "5.3.1"
      },
      "dependencies": {
        "tslib": {
          "version": "file:node_modules/_tslib@2.3.0@tslib"
        },
        "zrender": {
          "version": "file:node_modules/_zrender@5.3.1@zrender",
          "requires": {
            "tslib": "2.3.0"
          },
          "dependencies": {
            "tslib": {
              "version": "file:node_modules/_tslib@2.3.0@tslib"
            }
          }
        }
      }
    },
    "_tslib@2.3.0@tslib": {
      "version": "npm:tslib@2.3.0"
    },
    "_zrender@5.3.1@zrender": {
      "version": "npm:zrender@5.3.1",
      "requires": {
        "tslib": "2.3.0"
      },
      "dependencies": {
        "tslib": {
          "version": "file:node_modules/_tslib@2.3.0@tslib"
        }
      }
    },
    "bmaplib.curveline": {
      "version": "1.0.0",
      "resolved": "https://registry.npmjs.org/bmaplib.curveline/-/bmaplib.curveline-1.0.0.tgz",
      "integrity": "sha512-9wcFMVhiYxNPqpvsLDAADn3qDhNzXp2mA6VyHSHg2XOAgSooC7ZiujdFhy0sp+0QYjTfJ/MjmLuNoUg2HHxH4Q=="
    },
    "bmaplib.heatmap": {
      "version": "1.0.4",
      "resolved": "https://registry.npmjs.org/bmaplib.heatmap/-/bmaplib.heatmap-1.0.4.tgz",
      "integrity": "sha512-rmhqUARBpUSJ9jXzUI2j7dIOqnc38bqubkx/8a349U2qtw/ulLUwyzRD535OrA8G7w5cz4aPKm6/rNvUAarg/Q=="
    },
    "bmaplib.lushu": {
      "version": "1.0.7",
      "resolved": "https://registry.npmjs.org/bmaplib.lushu/-/bmaplib.lushu-1.0.7.tgz",
      "integrity": "sha512-LVvgpESPii6xGxyjnQjq8u+ic4NjvhdCPV/RiSS/PGTUdZKeTDS7prSpleJLZH3ES0+oc0gYn8bw0LtPYUSz2w=="
    },
    "bmaplib.markerclusterer": {
      "version": "1.0.13",
      "resolved": "https://registry.npmjs.org/bmaplib.markerclusterer/-/bmaplib.markerclusterer-1.0.13.tgz",
      "integrity": "sha512-VrLyWSiuDEVNi0yUfwOhFQ6z1oEEHS4w36GNu3iASu6p52QIx9uAXMUkuSCHReNR0bj2Cp9SA1dSx5RpojXajQ==",
      "requires": {
        "bmaplib.texticonoverlay": "^1.0.2"
      }
    },
    "bmaplib.texticonoverlay": {
      "version": "1.0.2",
      "resolved": "https://registry.npmjs.org/bmaplib.texticonoverlay/-/bmaplib.texticonoverlay-1.0.2.tgz",
      "integrity": "sha512-4ZTWr4ZP3B6qEWput5Tut16CfZgII38YwM3bpyb4gFTQyORlKYryFp9WHWrwZZaHlOyYDAXG9SX0hka43jTADg=="
    },
    "echarts": {
      "version": "file:node_modules/_echarts@5.3.2@echarts",
      "requires": {
        "tslib": "2.3.0",
        "zrender": "5.3.1"
      },
      "dependencies": {
        "tslib": {
          "version": "file:node_modules/_tslib@2.3.0@tslib"
        },
        "zrender": {
          "version": "file:node_modules/_zrender@5.3.1@zrender",
          "requires": {
            "tslib": "2.3.0"
          },
          "dependencies": {
            "tslib": {
              "version": "file:node_modules/_tslib@2.3.0@tslib"
            }
          }
        }
      }
    },
    "vue": {
      "version": "2.6.14",
      "resolved": "https://registry.npmjs.org/vue/-/vue-2.6.14.tgz",
      "integrity": "sha512-x2284lgYvjOMj3Za7kqzRcUSxBboHqtgRE2zlos1qWaOye5yUmHn42LB1250NJBLRwEcdrB0JRwyPTEPhfQjiQ==",
      "peer": true
    },
    "vue-baidu-map": {
      "version": "0.18.7",
      "resolved": "https://registry.npmjs.org/vue-baidu-map/-/vue-baidu-map-0.18.7.tgz",
      "integrity": "sha512-nK3XVNN53P5i4LD7Sw5Z18n9hostm4YL5OxROxNikg8Kaoa/AdcmInhw56aGVF6SWBlJu0+BmAp2ggsbN2APQQ==",
      "requires": {
        "bmaplib.curveline": "^1.0.0",
        "bmaplib.heatmap": "^1.0.4",
        "bmaplib.lushu": "^1.0.5",
        "bmaplib.markerclusterer": "^1.0.9"
      }
    }
  }
}
